
Microsoft Visual Studio Solution File, Format Version 12.00
# Visual Studio Version 17
VisualStudioVersion = 17.0.31903.59
MinimumVisualStudioVersion = 10.0.40219.1
Project("{2150E333-8FDC-42A3-9474-1A3956D46DE8}") = "database", "database", "{6732342D-900A-465C-A020-EC0C7A43DD20}"
EndProject
Project("{42EA0DBD-9CF1-443E-919E-BE9C484E4577}") = "StaffManagement.Database", "database\StaffManagement.Database\StaffManagement.Database.sqlproj", "{1ADF6EB1-5109-4A5D-AAA1-8463FB152332}"
EndProject
Project("{2150E333-8FDC-42A3-9474-1A3956D46DE8}") = "backend", "backend", "{E5FE8228-D3DE-4E51-B898-6552D16847AF}"
EndProject
Project("{2150E333-8FDC-42A3-9474-1A3956D46DE8}") = "src", "src", "{C7B8F7C2-A39E-4257-991B-E207E584A0AA}"
EndProject
Project("{FAE04EC0-301F-11D3-BF4B-00C04F79EFBC}") = "StaffManagement.Api", "backend\src\StaffManagement.Api\StaffManagement.Api.csproj", "{E3303AD1-29B4-4ED4-9AD2-D4DF220107EC}"
EndProject
Project("{2150E333-8FDC-42A3-9474-1A3956D46DE8}") = "tests", "tests", "{3B1EADDD-6431-4719-A0B9-EF749AE9D27A}"
EndProject
Project("{FAE04EC0-301F-11D3-BF4B-00C04F79EFBC}") = "StaffManagement.Test", "backend\tests\StaffManagement.Test\StaffManagement.Test.csproj", "{D316DBB7-2BA1-4268-A223-DF33D721C187}"
EndProject
Global
	GlobalSection(SolutionConfigurationPlatforms) = preSolution
		Debug|Any CPU = Debug|Any CPU
		Release|Any CPU = Release|Any CPU
	EndGlobalSection
	GlobalSection(SolutionProperties) = preSolution
		HideSolutionNode = FALSE
	EndGlobalSection
	GlobalSection(ProjectConfigurationPlatforms) = postSolution
		{1ADF6EB1-5109-4A5D-AAA1-8463FB152332}.Debug|Any CPU.ActiveCfg = Debug|Any CPU
		{1ADF6EB1-5109-4A5D-AAA1-8463FB152332}.Debug|Any CPU.Build.0 = Debug|Any CPU
		{1ADF6EB1-5109-4A5D-AAA1-8463FB152332}.Release|Any CPU.ActiveCfg = Release|Any CPU
		{1ADF6EB1-5109-4A5D-AAA1-8463FB152332}.Release|Any CPU.Build.0 = Release|Any CPU
		{E3303AD1-29B4-4ED4-9AD2-D4DF220107EC}.Debug|Any CPU.ActiveCfg = Debug|Any CPU
		{E3303AD1-29B4-4ED4-9AD2-D4DF220107EC}.Debug|Any CPU.Build.0 = Debug|Any CPU
		{E3303AD1-29B4-4ED4-9AD2-D4DF220107EC}.Release|Any CPU.ActiveCfg = Release|Any CPU
		{E3303AD1-29B4-4ED4-9AD2-D4DF220107EC}.Release|Any CPU.Build.0 = Release|Any CPU
		{D316DBB7-2BA1-4268-A223-DF33D721C187}.Debug|Any CPU.ActiveCfg = Debug|Any CPU
		{D316DBB7-2BA1-4268-A223-DF33D721C187}.Debug|Any CPU.Build.0 = Debug|Any CPU
		{D316DBB7-2BA1-4268-A223-DF33D721C187}.Release|Any CPU.ActiveCfg = Release|Any CPU
		{D316DBB7-2BA1-4268-A223-DF33D721C187}.Release|Any CPU.Build.0 = Release|Any CPU
	EndGlobalSection
	GlobalSection(NestedProjects) = preSolution
		{1ADF6EB1-5109-4A5D-AAA1-8463FB152332} = {6732342D-900A-465C-A020-EC0C7A43DD20}
		{C7B8F7C2-A39E-4257-991B-E207E584A0AA} = {E5FE8228-D3DE-4E51-B898-6552D16847AF}
		{E3303AD1-29B4-4ED4-9AD2-D4DF220107EC} = {C7B8F7C2-A39E-4257-991B-E207E584A0AA}
		{3B1EADDD-6431-4719-A0B9-EF749AE9D27A} = {E5FE8228-D3DE-4E51-B898-6552D16847AF}
		{D316DBB7-2BA1-4268-A223-DF33D721C187} = {3B1EADDD-6431-4719-A0B9-EF749AE9D27A}
	EndGlobalSection
EndGlobal
